
Microsoft Visual Studio Solution File, Format Version 12.00
# Visual Studio Version 17
VisualStudioVersion = 17.0.31903.59
MinimumVisualStudioVersion = 10.0.40219.1
Project("{2150E333-8FDC-42A3-9474-1A3956D46DE8}") = "src", "src", "{365DC409-FE37-4482-BCC6-1FD953718033}"
EndProject
Project("{FAE04EC0-301F-11D3-BF4B-00C04F79EFBC}") = "AISecurityScanner.Domain", "src\AISecurityScanner.Domain\AISecurityScanner.Domain.csproj", "{25B5F8D4-7D7F-4494-BAE1-D9C2AA0A6747}"
EndProject
Project("{FAE04EC0-301F-11D3-BF4B-00C04F79EFBC}") = "AISecurityScanner.Application", "src\AISecurityScanner.Application\AISecurityScanner.Application.csproj", "{7BB87743-7902-4A23-A6C9-B95631F3290B}"
EndProject
Project("{FAE04EC0-301F-11D3-BF4B-00C04F79EFBC}") = "AISecurityScanner.Infrastructure", "src\AISecurityScanner.Infrastructure\AISecurityScanner.Infrastructure.csproj", "{B0670341-5DD7-467A-89DC-ADE66805F42C}"
EndProject
Project("{FAE04EC0-301F-11D3-BF4B-00C04F79EFBC}") = "AISecurityScanner.API", "src\AISecurityScanner.API\AISecurityScanner.API.csproj", "{B7597D07-BE4B-4625-BAEB-3D4E01CCCFE9}"
EndProject
Project("{FAE04EC0-301F-11D3-BF4B-00C04F79EFBC}") = "AISecurityScanner.CLI", "src\AISecurityScanner.CLI\AISecurityScanner.CLI.csproj", "{4A244DF2-2055-49A7-8278-8C727FBC05E2}"
EndProject
Global
	GlobalSection(SolutionConfigurationPlatforms) = preSolution
		Debug|Any CPU = Debug|Any CPU
		Release|Any CPU = Release|Any CPU
	EndGlobalSection
	GlobalSection(SolutionProperties) = preSolution
		HideSolutionNode = FALSE
	EndGlobalSection
	GlobalSection(ProjectConfigurationPlatforms) = postSolution
		{25B5F8D4-7D7F-4494-BAE1-D9C2AA0A6747}.Debug|Any CPU.ActiveCfg = Debug|Any CPU
		{25B5F8D4-7D7F-4494-BAE1-D9C2AA0A6747}.Debug|Any CPU.Build.0 = Debug|Any CPU
		{25B5F8D4-7D7F-4494-BAE1-D9C2AA0A6747}.Release|Any CPU.ActiveCfg = Release|Any CPU
		{25B5F8D4-7D7F-4494-BAE1-D9C2AA0A6747}.Release|Any CPU.Build.0 = Release|Any CPU
		{7BB87743-7902-4A23-A6C9-B95631F3290B}.Debug|Any CPU.ActiveCfg = Debug|Any CPU
		{7BB87743-7902-4A23-A6C9-B95631F3290B}.Debug|Any CPU.Build.0 = Debug|Any CPU
		{7BB87743-7902-4A23-A6C9-B95631F3290B}.Release|Any CPU.ActiveCfg = Release|Any CPU
		{7BB87743-7902-4A23-A6C9-B95631F3290B}.Release|Any CPU.Build.0 = Release|Any CPU
		{B0670341-5DD7-467A-89DC-ADE66805F42C}.Debug|Any CPU.ActiveCfg = Debug|Any CPU
		{B0670341-5DD7-467A-89DC-ADE66805F42C}.Debug|Any CPU.Build.0 = Debug|Any CPU
		{B0670341-5DD7-467A-89DC-ADE66805F42C}.Release|Any CPU.ActiveCfg = Release|Any CPU
		{B0670341-5DD7-467A-89DC-ADE66805F42C}.Release|Any CPU.Build.0 = Release|Any CPU
		{B7597D07-BE4B-4625-BAEB-3D4E01CCCFE9}.Debug|Any CPU.ActiveCfg = Debug|Any CPU
		{B7597D07-BE4B-4625-BAEB-3D4E01CCCFE9}.Debug|Any CPU.Build.0 = Debug|Any CPU
		{B7597D07-BE4B-4625-BAEB-3D4E01CCCFE9}.Release|Any CPU.ActiveCfg = Release|Any CPU
		{B7597D07-BE4B-4625-BAEB-3D4E01CCCFE9}.Release|Any CPU.Build.0 = Release|Any CPU
		{4A244DF2-2055-49A7-8278-8C727FBC05E2}.Debug|Any CPU.ActiveCfg = Debug|Any CPU
		{4A244DF2-2055-49A7-8278-8C727FBC05E2}.Debug|Any CPU.Build.0 = Debug|Any CPU
		{4A244DF2-2055-49A7-8278-8C727FBC05E2}.Release|Any CPU.ActiveCfg = Release|Any CPU
		{4A244DF2-2055-49A7-8278-8C727FBC05E2}.Release|Any CPU.Build.0 = Release|Any CPU
	EndGlobalSection
	GlobalSection(NestedProjects) = preSolution
		{25B5F8D4-7D7F-4494-BAE1-D9C2AA0A6747} = {365DC409-FE37-4482-BCC6-1FD953718033}
		{7BB87743-7902-4A23-A6C9-B95631F3290B} = {365DC409-FE37-4482-BCC6-1FD953718033}
		{B0670341-5DD7-467A-89DC-ADE66805F42C} = {365DC409-FE37-4482-BCC6-1FD953718033}
		{B7597D07-BE4B-4625-BAEB-3D4E01CCCFE9} = {365DC409-FE37-4482-BCC6-1FD953718033}
		{4A244DF2-2055-49A7-8278-8C727FBC05E2} = {365DC409-FE37-4482-BCC6-1FD953718033}
	EndGlobalSection
EndGlobal
